// !$*UTF8*$!
{
	archiveVersion = 1;
	classes = {
	};
	objectVersion = 50;
	objects = {

/* Begin PBXBuildFile section */
		341EF24F264B6A0A009E8D1C /* ShoePOSView.swift in Sources */ = {isa = PBXBuildFile; fileRef = 341EF24E264B6A0A009E8D1C /* ShoePOSView.swift */; };
		341EF250264B6A0A009E8D1C /* ShoePOSView.swift in Sources */ = {isa = PBXBuildFile; fileRef = 341EF24E264B6A0A009E8D1C /* ShoePOSView.swift */; };
		3429099F2648BB9400DF7822 /* ProductsContentView.swift in Sources */ = {isa = PBXBuildFile; fileRef = 3429099E2648BB9400DF7822 /* ProductsContentView.swift */; };
		342909A02648BB9400DF7822 /* ProductsContentView.swift in Sources */ = {isa = PBXBuildFile; fileRef = 3429099E2648BB9400DF7822 /* ProductsContentView.swift */; };
		342909A22648C1AA00DF7822 /* StepperView.swift in Sources */ = {isa = PBXBuildFile; fileRef = 342909A12648C1AA00DF7822 /* StepperView.swift */; };
		342909A32648C1AA00DF7822 /* StepperView.swift in Sources */ = {isa = PBXBuildFile; fileRef = 342909A12648C1AA00DF7822 /* StepperView.swift */; };
		342909A52648C4C700DF7822 /* ShoePOSButton.swift in Sources */ = {isa = PBXBuildFile; fileRef = 342909A42648C4C700DF7822 /* ShoePOSButton.swift */; };
		342909A62648C4C700DF7822 /* ShoePOSButton.swift in Sources */ = {isa = PBXBuildFile; fileRef = 342909A42648C4C700DF7822 /* ShoePOSButton.swift */; };
		342909A82648D10B00DF7822 /* SizeCartItemView.swift in Sources */ = {isa = PBXBuildFile; fileRef = 342909A72648D10B00DF7822 /* SizeCartItemView.swift */; };
		342909A92648D10B00DF7822 /* SizeCartItemView.swift in Sources */ = {isa = PBXBuildFile; fileRef = 342909A72648D10B00DF7822 /* SizeCartItemView.swift */; };
		342909AB2648D2F200DF7822 /* CartItemView.swift in Sources */ = {isa = PBXBuildFile; fileRef = 342909AA2648D2F200DF7822 /* CartItemView.swift */; };
		342909AC2648D2F200DF7822 /* CartItemView.swift in Sources */ = {isa = PBXBuildFile; fileRef = 342909AA2648D2F200DF7822 /* CartItemView.swift */; };
		342909AE2648DEFD00DF7822 /* CartContentView.swift in Sources */ = {isa = PBXBuildFile; fileRef = 342909AD2648DEFD00DF7822 /* CartContentView.swift */; };
		342909AF2648DEFD00DF7822 /* CartContentView.swift in Sources */ = {isa = PBXBuildFile; fileRef = 342909AD2648DEFD00DF7822 /* CartContentView.swift */; };
		345DEF2F264A182C0088C22E /* CKContainer+Extension.swift in Sources */ = {isa = PBXBuildFile; fileRef = 345DEF29264A182B0088C22E /* CKContainer+Extension.swift */; };
		345DEF30264A182C0088C22E /* CKContainer+Extension.swift in Sources */ = {isa = PBXBuildFile; fileRef = 345DEF29264A182B0088C22E /* CKContainer+Extension.swift */; };
		345DEF31264A182C0088C22E /* ProductItem.swift in Sources */ = {isa = PBXBuildFile; fileRef = 345DEF2A264A182B0088C22E /* ProductItem.swift */; };
		345DEF32264A182C0088C22E /* ProductItem.swift in Sources */ = {isa = PBXBuildFile; fileRef = 345DEF2A264A182B0088C22E /* ProductItem.swift */; };
		345DEF33264A182C0088C22E /* Size.swift in Sources */ = {isa = PBXBuildFile; fileRef = 345DEF2B264A182B0088C22E /* Size.swift */; };
		345DEF34264A182C0088C22E /* Size.swift in Sources */ = {isa = PBXBuildFile; fileRef = 345DEF2B264A182B0088C22E /* Size.swift */; };
		345DEF35264A182C0088C22E /* Brand.swift in Sources */ = {isa = PBXBuildFile; fileRef = 345DEF2C264A182C0088C22E /* Brand.swift */; };
		345DEF36264A182C0088C22E /* Brand.swift in Sources */ = {isa = PBXBuildFile; fileRef = 345DEF2C264A182C0088C22E /* Brand.swift */; };
		345DEF37264A182C0088C22E /* CKConstant.swift in Sources */ = {isa = PBXBuildFile; fileRef = 345DEF2D264A182C0088C22E /* CKConstant.swift */; };
		345DEF38264A182C0088C22E /* CKConstant.swift in Sources */ = {isa = PBXBuildFile; fileRef = 345DEF2D264A182C0088C22E /* CKConstant.swift */; };
		345DEF39264A182C0088C22E /* BrandItem.swift in Sources */ = {isa = PBXBuildFile; fileRef = 345DEF2E264A182C0088C22E /* BrandItem.swift */; };
		345DEF3A264A182C0088C22E /* BrandItem.swift in Sources */ = {isa = PBXBuildFile; fileRef = 345DEF2E264A182C0088C22E /* BrandItem.swift */; };
		345DEF3C264A19B00088C22E /* Product.swift in Sources */ = {isa = PBXBuildFile; fileRef = 345DEF3B264A19B00088C22E /* Product.swift */; };
		345DEF3D264A19B00088C22E /* Product.swift in Sources */ = {isa = PBXBuildFile; fileRef = 345DEF3B264A19B00088C22E /* Product.swift */; };
		345DEF40264A2AC60088C22E /* CloudKitHelper.swift in Sources */ = {isa = PBXBuildFile; fileRef = 345DEF3F264A2AC60088C22E /* CloudKitHelper.swift */; };
		345DEF41264A2AC60088C22E /* CloudKitHelper.swift in Sources */ = {isa = PBXBuildFile; fileRef = 345DEF3F264A2AC60088C22E /* CloudKitHelper.swift */; };
		34688FCF2646373E00D664C9 /* Shoe_DogApp.swift in Sources */ = {isa = PBXBuildFile; fileRef = 34688FBC2646373B00D664C9 /* Shoe_DogApp.swift */; };
		34688FD02646373E00D664C9 /* Shoe_DogApp.swift in Sources */ = {isa = PBXBuildFile; fileRef = 34688FBC2646373B00D664C9 /* Shoe_DogApp.swift */; };
		34688FD12646373E00D664C9 /* ContentView.swift in Sources */ = {isa = PBXBuildFile; fileRef = 34688FBD2646373B00D664C9 /* ContentView.swift */; };
		34688FD22646373E00D664C9 /* ContentView.swift in Sources */ = {isa = PBXBuildFile; fileRef = 34688FBD2646373B00D664C9 /* ContentView.swift */; };
		34688FD32646373E00D664C9 /* Assets.xcassets in Resources */ = {isa = PBXBuildFile; fileRef = 34688FBE2646373E00D664C9 /* Assets.xcassets */; };
		34688FD42646373E00D664C9 /* Assets.xcassets in Resources */ = {isa = PBXBuildFile; fileRef = 34688FBE2646373E00D664C9 /* Assets.xcassets */; };
		34688FDE264637AF00D664C9 /* ProductsHeaderView.swift in Sources */ = {isa = PBXBuildFile; fileRef = 34688FDD264637AF00D664C9 /* ProductsHeaderView.swift */; };
		34688FDF264637AF00D664C9 /* ProductsHeaderView.swift in Sources */ = {isa = PBXBuildFile; fileRef = 34688FDD264637AF00D664C9 /* ProductsHeaderView.swift */; };
		34688FE326463A4F00D664C9 /* ProductsView.swift in Sources */ = {isa = PBXBuildFile; fileRef = 34688FE226463A4F00D664C9 /* ProductsView.swift */; };
		34688FE426463A4F00D664C9 /* ProductsView.swift in Sources */ = {isa = PBXBuildFile; fileRef = 34688FE226463A4F00D664C9 /* ProductsView.swift */; };
		34688FE626463D7600D664C9 /* CartHeaderView.swift in Sources */ = {isa = PBXBuildFile; fileRef = 34688FE526463D7600D664C9 /* CartHeaderView.swift */; };
		34688FE726463D7600D664C9 /* CartHeaderView.swift in Sources */ = {isa = PBXBuildFile; fileRef = 34688FE526463D7600D664C9 /* CartHeaderView.swift */; };
		34688FE926463E8000D664C9 /* CartTotalView.swift in Sources */ = {isa = PBXBuildFile; fileRef = 34688FE826463E8000D664C9 /* CartTotalView.swift */; };
		34688FEA26463E8000D664C9 /* CartTotalView.swift in Sources */ = {isa = PBXBuildFile; fileRef = 34688FE826463E8000D664C9 /* CartTotalView.swift */; };
		34688FEE264640CB00D664C9 /* CartView.swift in Sources */ = {isa = PBXBuildFile; fileRef = 34688FED264640CB00D664C9 /* CartView.swift */; };
		34688FEF264640CB00D664C9 /* CartView.swift in Sources */ = {isa = PBXBuildFile; fileRef = 34688FED264640CB00D664C9 /* CartView.swift */; };
		34688FF12646438900D664C9 /* ProductView.swift in Sources */ = {isa = PBXBuildFile; fileRef = 34688FF02646438900D664C9 /* ProductView.swift */; };
		34688FF22646438900D664C9 /* ProductView.swift in Sources */ = {isa = PBXBuildFile; fileRef = 34688FF02646438900D664C9 /* ProductView.swift */; };
		34C1B71D26490BFE002B8302 /* CloudKit.framework in Frameworks */ = {isa = PBXBuildFile; fileRef = 34C1B71C26490BFE002B8302 /* CloudKit.framework */; };
/* End PBXBuildFile section */

/* Begin PBXFileReference section */
		341EF24E264B6A0A009E8D1C /* ShoePOSView.swift */ = {isa = PBXFileReference; lastKnownFileType = sourcecode.swift; path = ShoePOSView.swift; sourceTree = "<group>"; };
		3429099E2648BB9400DF7822 /* ProductsContentView.swift */ = {isa = PBXFileReference; lastKnownFileType = sourcecode.swift; path = ProductsContentView.swift; sourceTree = "<group>"; };
		342909A12648C1AA00DF7822 /* StepperView.swift */ = {isa = PBXFileReference; lastKnownFileType = sourcecode.swift; path = StepperView.swift; sourceTree = "<group>"; };
		342909A42648C4C700DF7822 /* ShoePOSButton.swift */ = {isa = PBXFileReference; lastKnownFileType = sourcecode.swift; path = ShoePOSButton.swift; sourceTree = "<group>"; };
		342909A72648D10B00DF7822 /* SizeCartItemView.swift */ = {isa = PBXFileReference; lastKnownFileType = sourcecode.swift; path = SizeCartItemView.swift; sourceTree = "<group>"; };
		342909AA2648D2F200DF7822 /* CartItemView.swift */ = {isa = PBXFileReference; lastKnownFileType = sourcecode.swift; path = CartItemView.swift; sourceTree = "<group>"; };
		342909AD2648DEFD00DF7822 /* CartContentView.swift */ = {isa = PBXFileReference; lastKnownFileType = sourcecode.swift; path = CartContentView.swift; sourceTree = "<group>"; };
		345DEF29264A182B0088C22E /* CKContainer+Extension.swift */ = {isa = PBXFileReference; fileEncoding = 4; lastKnownFileType = sourcecode.swift; path = "CKContainer+Extension.swift"; sourceTree = "<group>"; };
		345DEF2A264A182B0088C22E /* ProductItem.swift */ = {isa = PBXFileReference; fileEncoding = 4; lastKnownFileType = sourcecode.swift; path = ProductItem.swift; sourceTree = "<group>"; };
		345DEF2B264A182B0088C22E /* Size.swift */ = {isa = PBXFileReference; fileEncoding = 4; lastKnownFileType = sourcecode.swift; path = Size.swift; sourceTree = "<group>"; };
		345DEF2C264A182C0088C22E /* Brand.swift */ = {isa = PBXFileReference; fileEncoding = 4; lastKnownFileType = sourcecode.swift; path = Brand.swift; sourceTree = "<group>"; };
		345DEF2D264A182C0088C22E /* CKConstant.swift */ = {isa = PBXFileReference; fileEncoding = 4; lastKnownFileType = sourcecode.swift; path = CKConstant.swift; sourceTree = "<group>"; };
		345DEF2E264A182C0088C22E /* BrandItem.swift */ = {isa = PBXFileReference; fileEncoding = 4; lastKnownFileType = sourcecode.swift; path = BrandItem.swift; sourceTree = "<group>"; };
		345DEF3B264A19B00088C22E /* Product.swift */ = {isa = PBXFileReference; lastKnownFileType = sourcecode.swift; path = Product.swift; sourceTree = "<group>"; };
		345DEF3F264A2AC60088C22E /* CloudKitHelper.swift */ = {isa = PBXFileReference; lastKnownFileType = sourcecode.swift; path = CloudKitHelper.swift; sourceTree = "<group>"; };
		34688FBC2646373B00D664C9 /* Shoe_DogApp.swift */ = {isa = PBXFileReference; lastKnownFileType = sourcecode.swift; path = Shoe_DogApp.swift; sourceTree = "<group>"; };
		34688FBD2646373B00D664C9 /* ContentView.swift */ = {isa = PBXFileReference; lastKnownFileType = sourcecode.swift; path = ContentView.swift; sourceTree = "<group>"; };
		34688FBE2646373E00D664C9 /* Assets.xcassets */ = {isa = PBXFileReference; lastKnownFileType = folder.assetcatalog; path = Assets.xcassets; sourceTree = "<group>"; };
		34688FC32646373E00D664C9 /* Shoe Dog.app */ = {isa = PBXFileReference; explicitFileType = wrapper.application; includeInIndex = 0; path = "Shoe Dog.app"; sourceTree = BUILT_PRODUCTS_DIR; };
		34688FC62646373E00D664C9 /* Info.plist */ = {isa = PBXFileReference; lastKnownFileType = text.plist.xml; path = Info.plist; sourceTree = "<group>"; };
		34688FCB2646373E00D664C9 /* Shoe Dog.app */ = {isa = PBXFileReference; explicitFileType = wrapper.application; includeInIndex = 0; path = "Shoe Dog.app"; sourceTree = BUILT_PRODUCTS_DIR; };
		34688FCD2646373E00D664C9 /* Info.plist */ = {isa = PBXFileReference; lastKnownFileType = text.plist.xml; path = Info.plist; sourceTree = "<group>"; };
		34688FCE2646373E00D664C9 /* macOS.entitlements */ = {isa = PBXFileReference; lastKnownFileType = text.plist.entitlements; path = macOS.entitlements; sourceTree = "<group>"; };
		34688FDD264637AF00D664C9 /* ProductsHeaderView.swift */ = {isa = PBXFileReference; lastKnownFileType = sourcecode.swift; path = ProductsHeaderView.swift; sourceTree = "<group>"; };
		34688FE226463A4F00D664C9 /* ProductsView.swift */ = {isa = PBXFileReference; lastKnownFileType = sourcecode.swift; path = ProductsView.swift; sourceTree = "<group>"; };
		34688FE526463D7600D664C9 /* CartHeaderView.swift */ = {isa = PBXFileReference; lastKnownFileType = sourcecode.swift; path = CartHeaderView.swift; sourceTree = "<group>"; };
		34688FE826463E8000D664C9 /* CartTotalView.swift */ = {isa = PBXFileReference; lastKnownFileType = sourcecode.swift; path = CartTotalView.swift; sourceTree = "<group>"; };
		34688FED264640CB00D664C9 /* CartView.swift */ = {isa = PBXFileReference; lastKnownFileType = sourcecode.swift; path = CartView.swift; sourceTree = "<group>"; };
		34688FF02646438900D664C9 /* ProductView.swift */ = {isa = PBXFileReference; lastKnownFileType = sourcecode.swift; path = ProductView.swift; sourceTree = "<group>"; };
		34C1B71A26490BEE002B8302 /* Shoe Dog.entitlements */ = {isa = PBXFileReference; lastKnownFileType = text.plist.entitlements; path = "Shoe Dog.entitlements"; sourceTree = "<group>"; };
		34C1B71C26490BFE002B8302 /* CloudKit.framework */ = {isa = PBXFileReference; lastKnownFileType = wrapper.framework; name = CloudKit.framework; path = Platforms/iPhoneOS.platform/Developer/SDKs/iPhoneOS14.5.sdk/System/Library/Frameworks/CloudKit.framework; sourceTree = DEVELOPER_DIR; };
/* End PBXFileReference section */

/* Begin PBXFrameworksBuildPhase section */
		34688FC02646373E00D664C9 /* Frameworks */ = {
			isa = PBXFrameworksBuildPhase;
			buildActionMask = 2147483647;
			files = (
				34C1B71D26490BFE002B8302 /* CloudKit.framework in Frameworks */,
			);
			runOnlyForDeploymentPostprocessing = 0;
		};
		34688FC82646373E00D664C9 /* Frameworks */ = {
			isa = PBXFrameworksBuildPhase;
			buildActionMask = 2147483647;
			files = (
			);
			runOnlyForDeploymentPostprocessing = 0;
		};
/* End PBXFrameworksBuildPhase section */

/* Begin PBXGroup section */
		345DEF28264A18110088C22E /* Model */ = {
			isa = PBXGroup;
			children = (
				345DEF2C264A182C0088C22E /* Brand.swift */,
				345DEF2E264A182C0088C22E /* BrandItem.swift */,
				345DEF2D264A182C0088C22E /* CKConstant.swift */,
				345DEF29264A182B0088C22E /* CKContainer+Extension.swift */,
				345DEF2A264A182B0088C22E /* ProductItem.swift */,
				345DEF2B264A182B0088C22E /* Size.swift */,
				345DEF3B264A19B00088C22E /* Product.swift */,
				341EF24E264B6A0A009E8D1C /* ShoePOSView.swift */,
			);
			path = Model;
			sourceTree = "<group>";
		};
		345DEF3E264A2AAE0088C22E /* CloudKit */ = {
			isa = PBXGroup;
			children = (
				345DEF3F264A2AC60088C22E /* CloudKitHelper.swift */,
			);
			path = CloudKit;
			sourceTree = "<group>";
		};
		34688FB62646373A00D664C9 = {
			isa = PBXGroup;
			children = (
				34C1B71A26490BEE002B8302 /* Shoe Dog.entitlements */,
				34688FBB2646373B00D664C9 /* Shared */,
				34688FC52646373E00D664C9 /* iOS */,
				34688FCC2646373E00D664C9 /* macOS */,
				34688FC42646373E00D664C9 /* Products */,
				34C1B71B26490BFE002B8302 /* Frameworks */,
			);
			sourceTree = "<group>";
		};
		34688FBB2646373B00D664C9 /* Shared */ = {
			isa = PBXGroup;
			children = (
				345DEF3E264A2AAE0088C22E /* CloudKit */,
				345DEF28264A18110088C22E /* Model */,
				34688FEC264640B400D664C9 /* Views */,
				34688FBC2646373B00D664C9 /* Shoe_DogApp.swift */,
				34688FBD2646373B00D664C9 /* ContentView.swift */,
				34688FBE2646373E00D664C9 /* Assets.xcassets */,
				34688FE1264637D200D664C9 /* SupportingViews */,
			);
			path = Shared;
			sourceTree = "<group>";
		};
		34688FC42646373E00D664C9 /* Products */ = {
			isa = PBXGroup;
			children = (
				34688FC32646373E00D664C9 /* Shoe Dog.app */,
				34688FCB2646373E00D664C9 /* Shoe Dog.app */,
			);
			name = Products;
			sourceTree = "<group>";
		};
		34688FC52646373E00D664C9 /* iOS */ = {
			isa = PBXGroup;
			children = (
				34688FC62646373E00D664C9 /* Info.plist */,
			);
			path = iOS;
			sourceTree = "<group>";
		};
		34688FCC2646373E00D664C9 /* macOS */ = {
			isa = PBXGroup;
			children = (
				34688FCD2646373E00D664C9 /* Info.plist */,
				34688FCE2646373E00D664C9 /* macOS.entitlements */,
			);
			path = macOS;
			sourceTree = "<group>";
		};
		34688FE0264637C300D664C9 /* Products */ = {
			isa = PBXGroup;
			children = (
				34688FDD264637AF00D664C9 /* ProductsHeaderView.swift */,
				34688FE226463A4F00D664C9 /* ProductsView.swift */,
				34688FE526463D7600D664C9 /* CartHeaderView.swift */,
				34688FF02646438900D664C9 /* ProductView.swift */,
				3429099E2648BB9400DF7822 /* ProductsContentView.swift */,
				342909A12648C1AA00DF7822 /* StepperView.swift */,
				342909A42648C4C700DF7822 /* ShoePOSButton.swift */,
			);
			path = Products;
			sourceTree = "<group>";
		};
		34688FE1264637D200D664C9 /* SupportingViews */ = {
			isa = PBXGroup;
			children = (
				34688FEB26463E8A00D664C9 /* Cart */,
				34688FE0264637C300D664C9 /* Products */,
			);
			path = SupportingViews;
			sourceTree = "<group>";
		};
		34688FEB26463E8A00D664C9 /* Cart */ = {
			isa = PBXGroup;
			children = (
				34688FE826463E8000D664C9 /* CartTotalView.swift */,
				342909A72648D10B00DF7822 /* SizeCartItemView.swift */,
				342909AA2648D2F200DF7822 /* CartItemView.swift */,
				342909AD2648DEFD00DF7822 /* CartContentView.swift */,
			);
			path = Cart;
			sourceTree = "<group>";
		};
		34688FEC264640B400D664C9 /* Views */ = {
			isa = PBXGroup;
			children = (
				34688FED264640CB00D664C9 /* CartView.swift */,
			);
			path = Views;
			sourceTree = "<group>";
		};
		34C1B71B26490BFE002B8302 /* Frameworks */ = {
			isa = PBXGroup;
			children = (
				34C1B71C26490BFE002B8302 /* CloudKit.framework */,
			);
			name = Frameworks;
			sourceTree = "<group>";
		};
/* End PBXGroup section */

/* Begin PBXNativeTarget section */
		34688FC22646373E00D664C9 /* Shoe Dog (iOS) */ = {
			isa = PBXNativeTarget;
			buildConfigurationList = 34688FD72646373E00D664C9 /* Build configuration list for PBXNativeTarget "Shoe Dog (iOS)" */;
			buildPhases = (
				34688FBF2646373E00D664C9 /* Sources */,
				34688FC02646373E00D664C9 /* Frameworks */,
				34688FC12646373E00D664C9 /* Resources */,
			);
			buildRules = (
			);
			dependencies = (
			);
			name = "Shoe Dog (iOS)";
			productName = "Shoe Dog (iOS)";
			productReference = 34688FC32646373E00D664C9 /* Shoe Dog.app */;
			productType = "com.apple.product-type.application";
		};
		34688FCA2646373E00D664C9 /* Shoe Dog (macOS) */ = {
			isa = PBXNativeTarget;
			buildConfigurationList = 34688FDA2646373E00D664C9 /* Build configuration list for PBXNativeTarget "Shoe Dog (macOS)" */;
			buildPhases = (
				34688FC72646373E00D664C9 /* Sources */,
				34688FC82646373E00D664C9 /* Frameworks */,
				34688FC92646373E00D664C9 /* Resources */,
			);
			buildRules = (
			);
			dependencies = (
			);
			name = "Shoe Dog (macOS)";
			productName = "Shoe Dog (macOS)";
			productReference = 34688FCB2646373E00D664C9 /* Shoe Dog.app */;
			productType = "com.apple.product-type.application";
		};
/* End PBXNativeTarget section */

/* Begin PBXProject section */
		34688FB72646373A00D664C9 /* Project object */ = {
			isa = PBXProject;
			attributes = {
				LastSwiftUpdateCheck = 1250;
				LastUpgradeCheck = 1250;
				TargetAttributes = {
					34688FC22646373E00D664C9 = {
						CreatedOnToolsVersion = 12.5;
					};
					34688FCA2646373E00D664C9 = {
						CreatedOnToolsVersion = 12.5;
					};
				};
			};
			buildConfigurationList = 34688FBA2646373A00D664C9 /* Build configuration list for PBXProject "Shoe Dog" */;
			compatibilityVersion = "Xcode 9.3";
			developmentRegion = en;
			hasScannedForEncodings = 0;
			knownRegions = (
				en,
				Base,
			);
			mainGroup = 34688FB62646373A00D664C9;
			productRefGroup = 34688FC42646373E00D664C9 /* Products */;
			projectDirPath = "";
			projectRoot = "";
			targets = (
				34688FC22646373E00D664C9 /* Shoe Dog (iOS) */,
				34688FCA2646373E00D664C9 /* Shoe Dog (macOS) */,
			);
		};
/* End PBXProject section */

/* Begin PBXResourcesBuildPhase section */
		34688FC12646373E00D664C9 /* Resources */ = {
			isa = PBXResourcesBuildPhase;
			buildActionMask = 2147483647;
			files = (
				34688FD32646373E00D664C9 /* Assets.xcassets in Resources */,
			);
			runOnlyForDeploymentPostprocessing = 0;
		};
		34688FC92646373E00D664C9 /* Resources */ = {
			isa = PBXResourcesBuildPhase;
			buildActionMask = 2147483647;
			files = (
				34688FD42646373E00D664C9 /* Assets.xcassets in Resources */,
			);
			runOnlyForDeploymentPostprocessing = 0;
		};
/* End PBXResourcesBuildPhase section */

/* Begin PBXSourcesBuildPhase section */
		34688FBF2646373E00D664C9 /* Sources */ = {
			isa = PBXSourcesBuildPhase;
			buildActionMask = 2147483647;
			files = (
				345DEF39264A182C0088C22E /* BrandItem.swift in Sources */,
				34688FF12646438900D664C9 /* ProductView.swift in Sources */,
				345DEF35264A182C0088C22E /* Brand.swift in Sources */,
				345DEF37264A182C0088C22E /* CKConstant.swift in Sources */,
				34688FE326463A4F00D664C9 /* ProductsView.swift in Sources */,
				34688FEE264640CB00D664C9 /* CartView.swift in Sources */,
				3429099F2648BB9400DF7822 /* ProductsContentView.swift in Sources */,
				345DEF33264A182C0088C22E /* Size.swift in Sources */,
				34688FE926463E8000D664C9 /* CartTotalView.swift in Sources */,
				34688FD12646373E00D664C9 /* ContentView.swift in Sources */,
				345DEF40264A2AC60088C22E /* CloudKitHelper.swift in Sources */,
				345DEF2F264A182C0088C22E /* CKContainer+Extension.swift in Sources */,
				342909AE2648DEFD00DF7822 /* CartContentView.swift in Sources */,
				342909A22648C1AA00DF7822 /* StepperView.swift in Sources */,
				342909A52648C4C700DF7822 /* ShoePOSButton.swift in Sources */,
				342909A82648D10B00DF7822 /* SizeCartItemView.swift in Sources */,
				34688FDE264637AF00D664C9 /* ProductsHeaderView.swift in Sources */,
				345DEF31264A182C0088C22E /* ProductItem.swift in Sources */,
				341EF24F264B6A0A009E8D1C /* ShoePOSView.swift in Sources */,
				34688FE626463D7600D664C9 /* CartHeaderView.swift in Sources */,
				34688FCF2646373E00D664C9 /* Shoe_DogApp.swift in Sources */,
				342909AB2648D2F200DF7822 /* CartItemView.swift in Sources */,
				345DEF3C264A19B00088C22E /* Product.swift in Sources */,
			);
			runOnlyForDeploymentPostprocessing = 0;
		};
		34688FC72646373E00D664C9 /* Sources */ = {
			isa = PBXSourcesBuildPhase;
			buildActionMask = 2147483647;
			files = (
				345DEF3A264A182C0088C22E /* BrandItem.swift in Sources */,
				34688FF22646438900D664C9 /* ProductView.swift in Sources */,
				345DEF36264A182C0088C22E /* Brand.swift in Sources */,
				345DEF38264A182C0088C22E /* CKConstant.swift in Sources */,
				34688FE426463A4F00D664C9 /* ProductsView.swift in Sources */,
				34688FEF264640CB00D664C9 /* CartView.swift in Sources */,
				342909A02648BB9400DF7822 /* ProductsContentView.swift in Sources */,
				345DEF34264A182C0088C22E /* Size.swift in Sources */,
				34688FEA26463E8000D664C9 /* CartTotalView.swift in Sources */,
				34688FD22646373E00D664C9 /* ContentView.swift in Sources */,
				345DEF41264A2AC60088C22E /* CloudKitHelper.swift in Sources */,
				345DEF30264A182C0088C22E /* CKContainer+Extension.swift in Sources */,
				342909AF2648DEFD00DF7822 /* CartContentView.swift in Sources */,
				342909A32648C1AA00DF7822 /* StepperView.swift in Sources */,
				342909A62648C4C700DF7822 /* ShoePOSButton.swift in Sources */,
				342909A92648D10B00DF7822 /* SizeCartItemView.swift in Sources */,
				34688FDF264637AF00D664C9 /* ProductsHeaderView.swift in Sources */,
				345DEF32264A182C0088C22E /* ProductItem.swift in Sources */,
				341EF250264B6A0A009E8D1C /* ShoePOSView.swift in Sources */,
				34688FE726463D7600D664C9 /* CartHeaderView.swift in Sources */,
				34688FD02646373E00D664C9 /* Shoe_DogApp.swift in Sources */,
				342909AC2648D2F200DF7822 /* CartItemView.swift in Sources */,
				345DEF3D264A19B00088C22E /* Product.swift in Sources */,
			);
			runOnlyForDeploymentPostprocessing = 0;
		};
/* End PBXSourcesBuildPhase section */

/* Begin XCBuildConfiguration section */
		34688FD52646373E00D664C9 /* Debug */ = {
			isa = XCBuildConfiguration;
			buildSettings = {
				ALWAYS_SEARCH_USER_PATHS = NO;
				CLANG_ANALYZER_NONNULL = YES;
				CLANG_ANALYZER_NUMBER_OBJECT_CONVERSION = YES_AGGRESSIVE;
				CLANG_CXX_LANGUAGE_STANDARD = "gnu++14";
				CLANG_CXX_LIBRARY = "libc++";
				CLANG_ENABLE_MODULES = YES;
				CLANG_ENABLE_OBJC_ARC = YES;
				CLANG_ENABLE_OBJC_WEAK = YES;
				CLANG_WARN_BLOCK_CAPTURE_AUTORELEASING = YES;
				CLANG_WARN_BOOL_CONVERSION = YES;
				CLANG_WARN_COMMA = YES;
				CLANG_WARN_CONSTANT_CONVERSION = YES;
				CLANG_WARN_DEPRECATED_OBJC_IMPLEMENTATIONS = YES;
				CLANG_WARN_DIRECT_OBJC_ISA_USAGE = YES_ERROR;
				CLANG_WARN_DOCUMENTATION_COMMENTS = YES;
				CLANG_WARN_EMPTY_BODY = YES;
				CLANG_WARN_ENUM_CONVERSION = YES;
				CLANG_WARN_INFINITE_RECURSION = YES;
				CLANG_WARN_INT_CONVERSION = YES;
				CLANG_WARN_NON_LITERAL_NULL_CONVERSION = YES;
				CLANG_WARN_OBJC_IMPLICIT_RETAIN_SELF = YES;
				CLANG_WARN_OBJC_LITERAL_CONVERSION = YES;
				CLANG_WARN_OBJC_ROOT_CLASS = YES_ERROR;
				CLANG_WARN_QUOTED_INCLUDE_IN_FRAMEWORK_HEADER = YES;
				CLANG_WARN_RANGE_LOOP_ANALYSIS = YES;
				CLANG_WARN_STRICT_PROTOTYPES = YES;
				CLANG_WARN_SUSPICIOUS_MOVE = YES;
				CLANG_WARN_UNGUARDED_AVAILABILITY = YES_AGGRESSIVE;
				CLANG_WARN_UNREACHABLE_CODE = YES;
				CLANG_WARN__DUPLICATE_METHOD_MATCH = YES;
				COPY_PHASE_STRIP = NO;
				DEBUG_INFORMATION_FORMAT = dwarf;
				ENABLE_STRICT_OBJC_MSGSEND = YES;
				ENABLE_TESTABILITY = YES;
				GCC_C_LANGUAGE_STANDARD = gnu11;
				GCC_DYNAMIC_NO_PIC = NO;
				GCC_NO_COMMON_BLOCKS = YES;
				GCC_OPTIMIZATION_LEVEL = 0;
				GCC_PREPROCESSOR_DEFINITIONS = (
					"DEBUG=1",
					"$(inherited)",
				);
				GCC_WARN_64_TO_32_BIT_CONVERSION = YES;
				GCC_WARN_ABOUT_RETURN_TYPE = YES_ERROR;
				GCC_WARN_UNDECLARED_SELECTOR = YES;
				GCC_WARN_UNINITIALIZED_AUTOS = YES_AGGRESSIVE;
				GCC_WARN_UNUSED_FUNCTION = YES;
				GCC_WARN_UNUSED_VARIABLE = YES;
				MTL_ENABLE_DEBUG_INFO = INCLUDE_SOURCE;
				MTL_FAST_MATH = YES;
				ONLY_ACTIVE_ARCH = YES;
				SWIFT_ACTIVE_COMPILATION_CONDITIONS = DEBUG;
				SWIFT_OPTIMIZATION_LEVEL = "-Onone";
			};
			name = Debug;
		};
		34688FD62646373E00D664C9 /* Release */ = {
			isa = XCBuildConfiguration;
			buildSettings = {
				ALWAYS_SEARCH_USER_PATHS = NO;
				CLANG_ANALYZER_NONNULL = YES;
				CLANG_ANALYZER_NUMBER_OBJECT_CONVERSION = YES_AGGRESSIVE;
				CLANG_CXX_LANGUAGE_STANDARD = "gnu++14";
				CLANG_CXX_LIBRARY = "libc++";
				CLANG_ENABLE_MODULES = YES;
				CLANG_ENABLE_OBJC_ARC = YES;
				CLANG_ENABLE_OBJC_WEAK = YES;
				CLANG_WARN_BLOCK_CAPTURE_AUTORELEASING = YES;
				CLANG_WARN_BOOL_CONVERSION = YES;
				CLANG_WARN_COMMA = YES;
				CLANG_WARN_CONSTANT_CONVERSION = YES;
				CLANG_WARN_DEPRECATED_OBJC_IMPLEMENTATIONS = YES;
				CLANG_WARN_DIRECT_OBJC_ISA_USAGE = YES_ERROR;
				CLANG_WARN_DOCUMENTATION_COMMENTS = YES;
				CLANG_WARN_EMPTY_BODY = YES;
				CLANG_WARN_ENUM_CONVERSION = YES;
				CLANG_WARN_INFINITE_RECURSION = YES;
				CLANG_WARN_INT_CONVERSION = YES;
				CLANG_WARN_NON_LITERAL_NULL_CONVERSION = YES;
				CLANG_WARN_OBJC_IMPLICIT_RETAIN_SELF = YES;
				CLANG_WARN_OBJC_LITERAL_CONVERSION = YES;
				CLANG_WARN_OBJC_ROOT_CLASS = YES_ERROR;
				CLANG_WARN_QUOTED_INCLUDE_IN_FRAMEWORK_HEADER = YES;
				CLANG_WARN_RANGE_LOOP_ANALYSIS = YES;
				CLANG_WARN_STRICT_PROTOTYPES = YES;
				CLANG_WARN_SUSPICIOUS_MOVE = YES;
				CLANG_WARN_UNGUARDED_AVAILABILITY = YES_AGGRESSIVE;
				CLANG_WARN_UNREACHABLE_CODE = YES;
				CLANG_WARN__DUPLICATE_METHOD_MATCH = YES;
				COPY_PHASE_STRIP = NO;
				DEBUG_INFORMATION_FORMAT = "dwarf-with-dsym";
				ENABLE_NS_ASSERTIONS = NO;
				ENABLE_STRICT_OBJC_MSGSEND = YES;
				GCC_C_LANGUAGE_STANDARD = gnu11;
				GCC_NO_COMMON_BLOCKS = YES;
				GCC_WARN_64_TO_32_BIT_CONVERSION = YES;
				GCC_WARN_ABOUT_RETURN_TYPE = YES_ERROR;
				GCC_WARN_UNDECLARED_SELECTOR = YES;
				GCC_WARN_UNINITIALIZED_AUTOS = YES_AGGRESSIVE;
				GCC_WARN_UNUSED_FUNCTION = YES;
				GCC_WARN_UNUSED_VARIABLE = YES;
				MTL_ENABLE_DEBUG_INFO = NO;
				MTL_FAST_MATH = YES;
				SWIFT_COMPILATION_MODE = wholemodule;
				SWIFT_OPTIMIZATION_LEVEL = "-O";
			};
			name = Release;
		};
		34688FD82646373E00D664C9 /* Debug */ = {
			isa = XCBuildConfiguration;
			buildSettings = {
				ASSETCATALOG_COMPILER_APPICON_NAME = AppIcon;
				ASSETCATALOG_COMPILER_GLOBAL_ACCENT_COLOR_NAME = AccentColor;
				CODE_SIGN_ENTITLEMENTS = "Shoe Dog.entitlements";
				CODE_SIGN_STYLE = Automatic;
				DEVELOPMENT_TEAM = SX2P37942F;
				ENABLE_PREVIEWS = YES;
				INFOPLIST_FILE = iOS/Info.plist;
				IPHONEOS_DEPLOYMENT_TARGET = 14.0;
				LD_RUNPATH_SEARCH_PATHS = (
					"$(inherited)",
					"@executable_path/Frameworks",
				);
				PRODUCT_BUNDLE_IDENTIFIER = "com.shenxiaochun.Shoe-Dog";
				PRODUCT_NAME = "Shoe Dog";
				SDKROOT = iphoneos;
				SWIFT_VERSION = 5.0;
				TARGETED_DEVICE_FAMILY = "1,2";
			};
			name = Debug;
		};
		34688FD92646373E00D664C9 /* Release */ = {
			isa = XCBuildConfiguration;
			buildSettings = {
				ASSETCATALOG_COMPILER_APPICON_NAME = AppIcon;
				ASSETCATALOG_COMPILER_GLOBAL_ACCENT_COLOR_NAME = AccentColor;
				CODE_SIGN_ENTITLEMENTS = "Shoe Dog.entitlements";
				CODE_SIGN_STYLE = Automatic;
				DEVELOPMENT_TEAM = SX2P37942F;
				ENABLE_PREVIEWS = YES;
				INFOPLIST_FILE = iOS/Info.plist;
				IPHONEOS_DEPLOYMENT_TARGET = 14.0;
				LD_RUNPATH_SEARCH_PATHS = (
					"$(inherited)",
					"@executable_path/Frameworks",
				);
				PRODUCT_BUNDLE_IDENTIFIER = "com.shenxiaochun.Shoe-Dog";
				PRODUCT_NAME = "Shoe Dog";
				SDKROOT = iphoneos;
				SWIFT_VERSION = 5.0;
				TARGETED_DEVICE_FAMILY = "1,2";
				VALIDATE_PRODUCT = YES;
			};
			name = Release;
		};
		34688FDB2646373E00D664C9 /* Debug */ = {
			isa = XCBuildConfiguration;
			buildSettings = {
				ASSETCATALOG_COMPILER_APPICON_NAME = AppIcon;
				ASSETCATALOG_COMPILER_GLOBAL_ACCENT_COLOR_NAME = AccentColor;
				CODE_SIGN_ENTITLEMENTS = macOS/macOS.entitlements;
				CODE_SIGN_STYLE = Automatic;
				COMBINE_HIDPI_IMAGES = YES;
				DEVELOPMENT_TEAM = SX2P37942F;
				ENABLE_HARDENED_RUNTIME = YES;
				ENABLE_PREVIEWS = YES;
				INFOPLIST_FILE = macOS/Info.plist;
				LD_RUNPATH_SEARCH_PATHS = (
					"$(inherited)",
					"@executable_path/../Frameworks",
				);
				MACOSX_DEPLOYMENT_TARGET = 11.0;
				PRODUCT_BUNDLE_IDENTIFIER = "com.shenxiaochun.Shoe-Dog";
				PRODUCT_NAME = "Shoe Dog";
				SDKROOT = macosx;
				SWIFT_VERSION = 5.0;
			};
			name = Debug;
		};
		34688FDC2646373E00D664C9 /* Release */ = {
			isa = XCBuildConfiguration;
			buildSettings = {
				ASSETCATALOG_COMPILER_APPICON_NAME = AppIcon;
				ASSETCATALOG_COMPILER_GLOBAL_ACCENT_COLOR_NAME = AccentColor;
				CODE_SIGN_ENTITLEMENTS = macOS/macOS.entitlements;
				CODE_SIGN_STYLE = Automatic;
				COMBINE_HIDPI_IMAGES = YES;
				DEVELOPMENT_TEAM = SX2P37942F;
				ENABLE_HARDENED_RUNTIME = YES;
				ENABLE_PREVIEWS = YES;
				INFOPLIST_FILE = macOS/Info.plist;
				LD_RUNPATH_SEARCH_PATHS = (
					"$(inherited)",
					"@executable_path/../Frameworks",
				);
				MACOSX_DEPLOYMENT_TARGET = 11.0;
				PRODUCT_BUNDLE_IDENTIFIER = "com.shenxiaochun.Shoe-Dog";
				PRODUCT_NAME = "Shoe Dog";
				SDKROOT = macosx;
				SWIFT_VERSION = 5.0;
			};
			name = Release;
		};
/* End XCBuildConfiguration section */

/* Begin XCConfigurationList section */
		34688FBA2646373A00D664C9 /* Build configuration list for PBXProject "Shoe Dog" */ = {
			isa = XCConfigurationList;
			buildConfigurations = (
				34688FD52646373E00D664C9 /* Debug */,
				34688FD62646373E00D664C9 /* Release */,
			);
			defaultConfigurationIsVisible = 0;
			defaultConfigurationName = Release;
		};
		34688FD72646373E00D664C9 /* Build configuration list for PBXNativeTarget "Shoe Dog (iOS)" */ = {
			isa = XCConfigurationList;
			buildConfigurations = (
				34688FD82646373E00D664C9 /* Debug */,
				34688FD92646373E00D664C9 /* Release */,
			);
			defaultConfigurationIsVisible = 0;
			defaultConfigurationName = Release;
		};
		34688FDA2646373E00D664C9 /* Build configuration list for PBXNativeTarget "Shoe Dog (macOS)" */ = {
			isa = XCConfigurationList;
			buildConfigurations = (
				34688FDB2646373E00D664C9 /* Debug */,
				34688FDC2646373E00D664C9 /* Release */,
			);
			defaultConfigurationIsVisible = 0;
			defaultConfigurationName = Release;
		};
/* End XCConfigurationList section */
	};
	rootObject = 34688FB72646373A00D664C9 /* Project object */;
}
